
Microsoft Visual Studio Solution File, Format Version 12.00
# Visual Studio 15
VisualStudioVersion = 15.0.27703.2026
MinimumVisualStudioVersion = 10.0.40219.1
Project("{FAE04EC0-301F-11D3-BF4B-00C04F79EFBC}") = "BlazorPlayground", "BlazorPlayground\BlazorPlayground.csproj", "{49A3BFCD-4574-48A4-BD2C-C9551602ED14}"
EndProject
Global
	GlobalSection(SolutionConfigurationPlatforms) = preSolution
		Debug|Any CPU = Debug|Any CPU
		Release|Any CPU = Release|Any CPU
	EndGlobalSection
	GlobalSection(ProjectConfigurationPlatforms) = postSolution
		{49A3BFCD-4574-48A4-BD2C-C9551602ED14}.Debug|Any CPU.ActiveCfg = Debug|Any CPU
		{49A3BFCD-4574-48A4-BD2C-C9551602ED14}.Debug|Any CPU.Build.0 = Debug|Any CPU
		{49A3BFCD-4574-48A4-BD2C-C9551602ED14}.Release|Any CPU.ActiveCfg = Release|Any CPU
		{49A3BFCD-4574-48A4-BD2C-C9551602ED14}.Release|Any CPU.Build.0 = Release|Any CPU
	EndGlobalSection
	GlobalSection(SolutionProperties) = preSolution
		HideSolutionNode = FALSE
	EndGlobalSection
	GlobalSection(ExtensibilityGlobals) = postSolution
		SolutionGuid = {F5187D1C-5633-42A7-9631-DD836022933A}
	EndGlobalSection
EndGlobal
